github.com/edsrzf/mmap-go v1.2.0 h1:hXLYlkbaPzt1SaQk+anYwKSRNhufIDCchSPkUD6dD84=
github.com/edsrzf/mmap-go v1.2.0/go.mod h1:19H/e8pUPLicwkyNgOykDXkJ9F0MHE+Z52B8EIth78Q=
github.com/steosofficial/steosmorphy v0.0.1 h1:m96f6NvVjK5472/AgBgV0P2QmDGInzVoBhw8f1GFDvs=
github.com/steosofficial/steosmorphy v0.0.1/go.mod h1:fiRGh0oMZX8gbBWlaeL6HBxOIRNJcm136x9j+Tnh+CU=
golang.org/x/sys v0.0.0-20211216021012-1d35b9e2eb4e h1:fLOSk5Q00efkSvAm+4xcoXD+RRmLmmulPn5I3Y9F2EM=
golang.org/x/sys v0.0.0-20211216021012-1d35b9e2eb4e/go.mod h1:oPkhp1MJrh7nUepCBck5+mAzfO9JrbApNNgaTdGDITg=
